
Microsoft Visual Studio Solution File, Format Version 12.00
# Visual Studio 14
VisualStudioVersion = 14.0.25420.1
MinimumVisualStudioVersion = 10.0.40219.1
Project("{FAE04EC0-301F-11D3-BF4B-00C04F79EFBC}") = "FristXamairniOS", "FristXamairniOS\FristXamairniOS.csproj", "{604668EB-594B-4A96-BE89-A437922BCBAB}"
EndProject
Global
	GlobalSection(SolutionConfigurationPlatforms) = preSolution
		Ad-Hoc|iPhone = Ad-Hoc|iPhone
		Ad-Hoc|iPhoneSimulator = Ad-Hoc|iPhoneSimulator
		AppStore|iPhone = AppStore|iPhone
		AppStore|iPhoneSimulator = AppStore|iPhoneSimulator
		Debug|iPhone = Debug|iPhone
		Debug|iPhoneSimulator = Debug|iPhoneSimulator
		Release|iPhone = Release|iPhone
		Release|iPhoneSimulator = Release|iPhoneSimulator
	EndGlobalSection
	GlobalSection(ProjectConfigurationPlatforms) = postSolution
		{604668EB-594B-4A96-BE89-A437922BCBAB}.Ad-Hoc|iPhone.ActiveCfg = Ad-Hoc|iPhone
		{604668EB-594B-4A96-BE89-A437922BCBAB}.Ad-Hoc|iPhone.Build.0 = Ad-Hoc|iPhone
		{604668EB-594B-4A96-BE89-A437922BCBAB}.Ad-Hoc|iPhoneSimulator.ActiveCfg = Ad-Hoc|iPhoneSimulator
		{604668EB-594B-4A96-BE89-A437922BCBAB}.Ad-Hoc|iPhoneSimulator.Build.0 = Ad-Hoc|iPhoneSimulator
		{604668EB-594B-4A96-BE89-A437922BCBAB}.AppStore|iPhone.ActiveCfg = AppStore|iPhone
		{604668EB-594B-4A96-BE89-A437922BCBAB}.AppStore|iPhone.Build.0 = AppStore|iPhone
		{604668EB-594B-4A96-BE89-A437922BCBAB}.AppStore|iPhoneSimulator.ActiveCfg = AppStore|iPhoneSimulator
		{604668EB-594B-4A96-BE89-A437922BCBAB}.AppStore|iPhoneSimulator.Build.0 = AppStore|iPhoneSimulator
		{604668EB-594B-4A96-BE89-A437922BCBAB}.Debug|iPhone.ActiveCfg = Debug|iPhone
		{604668EB-594B-4A96-BE89-A437922BCBAB}.Debug|iPhone.Build.0 = Debug|iPhone
		{604668EB-594B-4A96-BE89-A437922BCBAB}.Debug|iPhoneSimulator.ActiveCfg = Debug|iPhoneSimulator
		{604668EB-594B-4A96-BE89-A437922BCBAB}.Debug|iPhoneSimulator.Build.0 = Debug|iPhoneSimulator
		{604668EB-594B-4A96-BE89-A437922BCBAB}.Release|iPhone.ActiveCfg = Release|iPhone
		{604668EB-594B-4A96-BE89-A437922BCBAB}.Release|iPhone.Build.0 = Release|iPhone
		{604668EB-594B-4A96-BE89-A437922BCBAB}.Release|iPhoneSimulator.ActiveCfg = Release|iPhoneSimulator
		{604668EB-594B-4A96-BE89-A437922BCBAB}.Release|iPhoneSimulator.Build.0 = Release|iPhoneSimulator
	EndGlobalSection
	GlobalSection(SolutionProperties) = preSolution
		HideSolutionNode = FALSE
	EndGlobalSection
EndGlobal
